#MicroXplorer Configuration settings - do not modify
FREERTOS.BinarySemaphores01=TemperatureSemaphore
FREERTOS.FootprintOK=true
FREERTOS.IPParameters=Tasks01,Queues01,FootprintOK,Mutexes01,BinarySemaphores01
FREERTOS.Mutexes01=LCDRefreshMutex
FREERTOS.Queues01=TempSensorQueue,16,uint16_t,NULL
FREERTOS.Tasks01=defaultTask,0,128,StartDefaultTask,Default;vEthernet_Task,0,128,StartEthernetTask,Default;TempSensor_Task,-2,128,StartTempSensor,Default;LCD_Task,-1,128,StartLCDTask,Default;Controller_Task,1,128,StartControllerTask,Default
File.Version=6
KeepUserPlacement=false
LWIP.Version=v1.4.1_Cube
Mcu.Family=STM32F1
Mcu.IP0=ETH
Mcu.IP1=FREERTOS
Mcu.IP2=I2C1
Mcu.IP3=LWIP
Mcu.IP4=NVIC
Mcu.IP5=RCC
Mcu.IP6=SYS
Mcu.IPNb=7
Mcu.Name=STM32F107V(B-C)Tx
Mcu.Package=LQFP100
Mcu.Pin0=PE2
Mcu.Pin1=PE3
Mcu.Pin10=PA1
Mcu.Pin11=PA2
Mcu.Pin12=PA3
Mcu.Pin13=PC5
Mcu.Pin14=PE7
Mcu.Pin15=PE8
Mcu.Pin16=PE9
Mcu.Pin17=PE10
Mcu.Pin18=PB10
Mcu.Pin19=PB11
Mcu.Pin2=PE4
Mcu.Pin20=PB12
Mcu.Pin21=PB13
Mcu.Pin22=PD8
Mcu.Pin23=PD9
Mcu.Pin24=PD10
Mcu.Pin25=PD11
Mcu.Pin26=PD12
Mcu.Pin27=PD13
Mcu.Pin28=PD14
Mcu.Pin29=PD15
Mcu.Pin3=PE5
Mcu.Pin30=PC6
Mcu.Pin31=PC7
Mcu.Pin32=PC8
Mcu.Pin33=PC9
Mcu.Pin34=PA13
Mcu.Pin35=PA14
Mcu.Pin36=PB6
Mcu.Pin37=PB7
Mcu.Pin38=PB8
Mcu.Pin39=PE0
Mcu.Pin4=PE6
Mcu.Pin40=PE1
Mcu.Pin41=VP_FREERTOS_VS_ENABLE
Mcu.Pin42=VP_LWIP_VS_Enabled
Mcu.Pin43=VP_SYS_VS_tim1
Mcu.Pin5=PC0
Mcu.Pin6=PC1
Mcu.Pin7=PC2
Mcu.Pin8=PC3
Mcu.Pin9=PA0-WKUP
Mcu.PinsNb=44
Mcu.UserConstants=
Mcu.UserName=STM32F107VCTx
MxCube.Version=4.16.1
MxDb.Version=DB.4.0.161
NVIC.BusFault_IRQn=true\:0\:0\:false\:false\:true\:false
NVIC.DebugMonitor_IRQn=true\:0\:0\:false\:false\:true\:false
NVIC.ETH_IRQn=true\:5\:0\:false\:false\:true\:true
NVIC.HardFault_IRQn=true\:0\:0\:false\:false\:true\:false
NVIC.MemoryManagement_IRQn=true\:0\:0\:false\:false\:true\:false
NVIC.NonMaskableInt_IRQn=true\:0\:0\:false\:false\:true\:false
NVIC.PendSV_IRQn=true\:15\:0\:false\:false\:false\:true
NVIC.PriorityGroup=NVIC_PRIORITYGROUP_4
NVIC.SVCall_IRQn=true\:0\:0\:false\:false\:false\:false
NVIC.SysTick_IRQn=true\:15\:0\:false\:false\:true\:true
NVIC.TIM1_UP_IRQn=true\:0\:0\:false\:false\:true\:false
NVIC.TimeBase=TIM1_UP_IRQn
NVIC.TimeBaseIP=TIM1
NVIC.UsageFault_IRQn=true\:0\:0\:false\:false\:true\:false
PA0-WKUP.Mode=MII
PA0-WKUP.Signal=ETH_CRS
PA1.Mode=MII
PA1.Signal=ETH_RX_CLK
PA13.Mode=Serial_Wire
PA13.Signal=SYS_JTMS-SWDIO
PA14.Mode=Serial_Wire
PA14.Signal=SYS_JTCK-SWCLK
PA2.Mode=MII
PA2.Signal=ETH_MDIO
PA3.Mode=MII
PA3.Signal=ETH_COL
PB10.Mode=Activate Rx Err signal
PB10.Signal=ETH_RX_ER
PB11.Mode=MII
PB11.Signal=ETH_TX_EN
PB12.Mode=MII
PB12.Signal=ETH_TXD0
PB13.Mode=MII
PB13.Signal=ETH_TXD1
PB6.Mode=I2C
PB6.Signal=I2C1_SCL
PB7.Mode=I2C
PB7.Signal=I2C1_SDA
PB8.Mode=MII
PB8.Signal=ETH_TXD3
PC0.GPIOParameters=GPIO_Label
PC0.GPIO_Label=ETH_PWRDWN
PC0.Signal=GPIO_Output
PC1.Mode=MII
PC1.Signal=ETH_MDC
PC2.Mode=MII
PC2.Signal=ETH_TXD2
PC3.Mode=MII
PC3.Signal=ETH_TX_CLK
PC5.GPIOParameters=GPIO_Label
PC5.GPIO_Label=JOY_U
PC5.Locked=true
PC5.Signal=GPIO_Input
PC6.GPIOParameters=GPIO_Label
PC6.GPIO_Label=JOY_D
PC6.Locked=true
PC6.Signal=GPIO_Input
PC7.GPIOParameters=GPIO_Label
PC7.GPIO_Label=JOY_R
PC7.Locked=true
PC7.Signal=GPIO_Input
PC8.GPIOParameters=GPIO_Label
PC8.GPIO_Label=JOY_L
PC8.Locked=true
PC8.Signal=GPIO_Input
PC9.GPIOParameters=GPIO_Label
PC9.GPIO_Label=JOY_OK
PC9.Locked=true
PC9.Signal=GPIO_Input
PCC.Battery=Alkaline(9V)
PCC.Battery.Capacity=625.0
PCC.Battery.Compatibility=Yes
PCC.Battery.InParallel=1
PCC.Battery.InSeries=1
PCC.Battery.MaxContinuous=200.0
PCC.Battery.MaxPulseCurrent=0.0
PCC.Battery.NominalVoltage=9.0
PCC.Battery.SelfDischarge=0.3
PCC.Checker=false
PCC.Line=STM32F105/107
PCC.MCU=STM32F107V(B-C)Tx
PCC.MXVersion=4.16.1
PCC.PartNumber=STM32F107VCTx
PCC.Seq0=2
PCC.Seq0.Step0.Average_Current=8.58 mA
PCC.Seq0.Step0.CPU_Frequency=16.0 MHz
PCC.Seq0.Step0.Category=In DS Table
PCC.Seq0.Step0.DMIPS=0.0
PCC.Seq0.Step0.Duration=1 ms
PCC.Seq0.Step0.Frequency=8.0 MHz
PCC.Seq0.Step0.Memory=FLASH
PCC.Seq0.Step0.Mode=RUN
PCC.Seq0.Step0.Oscillator=HSE PLL
PCC.Seq0.Step0.Peripherals=ETH GPIOE I2C1
PCC.Seq0.Step0.TaMax=103.7
PCC.Seq0.Step0.User's_Consumption=0 mA
PCC.Seq0.Step0.Vcore=No Scale
PCC.Seq0.Step0.Vdd=3.3
PCC.Seq0.Step0.Voltage_Source=Battery
PCC.Seq0.Step1.Average_Current=1.42 mA
PCC.Seq0.Step1.CPU_Frequency=4.0 MHz
PCC.Seq0.Step1.Category=In DS Table
PCC.Seq0.Step1.DMIPS=0.0
PCC.Seq0.Step1.Duration=1 ms
PCC.Seq0.Step1.Frequency=8.0 MHz
PCC.Seq0.Step1.Memory=RAM/FLASH
PCC.Seq0.Step1.Mode=SLEEP
PCC.Seq0.Step1.Oscillator=HSE
PCC.Seq0.Step1.Peripherals=ETH
PCC.Seq0.Step1.TaMax=104.78
PCC.Seq0.Step1.User's_Consumption=0 mA
PCC.Seq0.Step1.Vcore=No Scale
PCC.Seq0.Step1.Vdd=3.3
PCC.Seq0.Step1.Voltage_Source=Battery
PCC.Series=STM32F1
PCC.Temperature=25
PCC.Vdd=3.3
PD10.Mode=MII
PD10.Signal=ETH_RXD1
PD11.Mode=MII
PD11.Signal=ETH_RXD2
PD12.Mode=MII
PD12.Signal=ETH_RXD3
PD13.GPIOParameters=GPIO_Label
PD13.GPIO_Label=ETH_MDINT
PD13.Signal=GPIO_Output
PD14.GPIOParameters=GPIO_Label
PD14.GPIO_Label=ETH_PD14
PD14.Signal=GPIO_Output
PD15.GPIOParameters=GPIO_Label
PD15.GPIO_Label=ETH_PD15
PD15.Signal=GPIO_Output
PD8.Mode=MII
PD8.Signal=ETH_RX_DV
PD9.Mode=MII
PD9.Signal=ETH_RXD0
PE0.GPIOParameters=GPIO_Label
PE0.GPIO_Label=LCD_D0
PE0.Locked=true
PE0.Signal=GPIO_Output
PE1.GPIOParameters=GPIO_Label
PE1.GPIO_Label=LCD_D1
PE1.Locked=true
PE1.Signal=GPIO_Output
PE10.GPIOParameters=GPIO_Label
PE10.GPIO_Label=LCD_RW
PE10.Locked=true
PE10.Signal=GPIO_Output
PE2.GPIOParameters=GPIO_Label
PE2.GPIO_Label=LCD_D2
PE2.Locked=true
PE2.Signal=GPIO_Output
PE3.GPIOParameters=GPIO_Label
PE3.GPIO_Label=LCD_D3
PE3.Locked=true
PE3.Signal=GPIO_Output
PE4.GPIOParameters=GPIO_Label
PE4.GPIO_Label=LCD_D4
PE4.Locked=true
PE4.Signal=GPIO_Output
PE5.GPIOParameters=GPIO_Label
PE5.GPIO_Label=LCD_D5
PE5.Locked=true
PE5.Signal=GPIO_Output
PE6.GPIOParameters=GPIO_Label
PE6.GPIO_Label=LCD_D6
PE6.Locked=true
PE6.Signal=GPIO_Output
PE7.GPIOParameters=GPIO_Label
PE7.GPIO_Label=LCD_D7
PE7.Locked=true
PE7.Signal=GPIO_Output
PE8.GPIOParameters=GPIO_Label
PE8.GPIO_Label=LCD_RS
PE8.Locked=true
PE8.Signal=GPIO_Output
PE9.GPIOParameters=GPIO_Label
PE9.GPIO_Label=LCD_E
PE9.Locked=true
PE9.Signal=GPIO_Output
ProjectManager.AskForMigrate=true
ProjectManager.BackupPrevious=false
ProjectManager.CompilerOptimize=2
ProjectManager.ComputerToolchain=false
ProjectManager.CoupleFile=true
ProjectManager.DeletePrevious=true
ProjectManager.DeviceId=STM32F107VCTx
ProjectManager.FirmwarePackage=STM32Cube FW_F1 V1.4.0
ProjectManager.FreePins=false
ProjectManager.HalAssertFull=true
ProjectManager.HeapSize=0x200
ProjectManager.KeepUserCode=true
ProjectManager.LastFirmware=true
ProjectManager.LibraryCopy=1
ProjectManager.PreviousToolchain=TrueSTUDIO
ProjectManager.ProjectBuild=false
ProjectManager.ProjectFileName=Full_Board.ioc
ProjectManager.ProjectName=Full_Board
ProjectManager.StackSize=0x400
ProjectManager.TargetToolchain=TrueSTUDIO
ProjectManager.ToolChainLocation=C\:\\Software\\ARM_STM32\\STMCubeMix\\Full_Board\\Full_Board
ProjectManager.UnderRoot=true
ProjectManager.functionlistsort=1-MX_GPIO_Init-GPIO-false,2-MX_I2C1_Init-I2C1-false,3-MX_LWIP_Init-LWIP-false
RCC.ADCFreqValue=13000000
RCC.AHBFreq_Value=26000000
RCC.APB1Freq_Value=26000000
RCC.APB1TimFreq_Value=26000000
RCC.APB2Freq_Value=26000000
RCC.APB2TimFreq_Value=26000000
RCC.FCLKCortexFreq_Value=26000000
RCC.FamilyName=M
RCC.HCLKFreq_Value=26000000
RCC.I2S2Freq_Value=26000000
RCC.I2S3Freq_Value=26000000
RCC.IPParameters=ADCFreqValue,AHBFreq_Value,APB1Freq_Value,APB1TimFreq_Value,APB2Freq_Value,APB2TimFreq_Value,FCLKCortexFreq_Value,FamilyName,HCLKFreq_Value,I2S2Freq_Value,I2S3Freq_Value,MCOFreq_Value,PLLCLKFreq_Value,PLLMUL,SYSCLKFreq_VALUE,SYSCLKSource,TimSysFreq_Value,USBFreq_Value
RCC.MCOFreq_Value=26000000
RCC.PLLCLKFreq_Value=26000000
RCC.PLLMUL=RCC_PLL_MUL6_5
RCC.SYSCLKFreq_VALUE=26000000
RCC.SYSCLKSource=RCC_SYSCLKSOURCE_PLLCLK
RCC.TimSysFreq_Value=26000000
RCC.USBFreq_Value=17333333.333333332
VP_FREERTOS_VS_ENABLE.Mode=Enabled
VP_FREERTOS_VS_ENABLE.Signal=FREERTOS_VS_ENABLE
VP_LWIP_VS_Enabled.Mode=Enabled
VP_LWIP_VS_Enabled.Signal=LWIP_VS_Enabled
VP_SYS_VS_tim1.Mode=TIM1
VP_SYS_VS_tim1.Signal=SYS_VS_tim1
board=Full_Board
